
Microsoft Visual Studio Solution File, Format Version 12.00
# Visual Studio Version 17
VisualStudioVersion = 17.0.32112.339
MinimumVisualStudioVersion = 10.0.40219.1
Project("{FAE04EC0-301F-11D3-BF4B-00C04F79EFBC}") = "NewMessageBox", "NewMessageBox\NewMessageBox.csproj", "{BBB9E517-6540-4622-B787-ED4EA0FD7494}"
EndProject
Global
	GlobalSection(SolutionConfigurationPlatforms) = preSolution
		Debug|Any CPU = Debug|Any CPU
		Release|Any CPU = Release|Any CPU
	EndGlobalSection
	GlobalSection(ProjectConfigurationPlatforms) = postSolution
		{BBB9E517-6540-4622-B787-ED4EA0FD7494}.Debug|Any CPU.ActiveCfg = Debug|Any CPU
		{BBB9E517-6540-4622-B787-ED4EA0FD7494}.Debug|Any CPU.Build.0 = Debug|Any CPU
		{BBB9E517-6540-4622-B787-ED4EA0FD7494}.Release|Any CPU.ActiveCfg = Release|Any CPU
		{BBB9E517-6540-4622-B787-ED4EA0FD7494}.Release|Any CPU.Build.0 = Release|Any CPU
	EndGlobalSection
	GlobalSection(SolutionProperties) = preSolution
		HideSolutionNode = FALSE
	EndGlobalSection
	GlobalSection(ExtensibilityGlobals) = postSolution
		SolutionGuid = {6306F378-91C1-42D1-924C-F3793832F4BB}
	EndGlobalSection
EndGlobal
